
Microsoft Visual Studio Solution File, Format Version 12.00
# Visual Studio Version 16
VisualStudioVersion = 16.0.30804.86
MinimumVisualStudioVersion = 10.0.40219.1
Project("{9A19103F-16F7-4668-BE54-9A1E7A4F7556}") = "DevIO.Business", "src\DevIO.Business\DevIO.Business.csproj", "{7C6AC40D-35D4-4304-86FE-C75BB3B27A75}"
EndProject
Project("{9A19103F-16F7-4668-BE54-9A1E7A4F7556}") = "DevIO.Data", "src\DevIO.Data\DevIO.Data.csproj", "{1E5063DD-9623-4927-ADF9-5D4D8C034F25}"
EndProject
Project("{FAE04EC0-301F-11D3-BF4B-00C04F79EFBC}") = "DevIO.API", "src\DevIO.API\DevIO.API.csproj", "{2F311B5D-6AB4-427F-81F0-55EB4D69AAD5}"
EndProject
Global
	GlobalSection(SolutionConfigurationPlatforms) = preSolution
		Debug|Any CPU = Debug|Any CPU
		Release|Any CPU = Release|Any CPU
	EndGlobalSection
	GlobalSection(ProjectConfigurationPlatforms) = postSolution
		{7C6AC40D-35D4-4304-86FE-C75BB3B27A75}.Debug|Any CPU.ActiveCfg = Debug|Any CPU
		{7C6AC40D-35D4-4304-86FE-C75BB3B27A75}.Debug|Any CPU.Build.0 = Debug|Any CPU
		{7C6AC40D-35D4-4304-86FE-C75BB3B27A75}.Release|Any CPU.ActiveCfg = Release|Any CPU
		{7C6AC40D-35D4-4304-86FE-C75BB3B27A75}.Release|Any CPU.Build.0 = Release|Any CPU
		{1E5063DD-9623-4927-ADF9-5D4D8C034F25}.Debug|Any CPU.ActiveCfg = Debug|Any CPU
		{1E5063DD-9623-4927-ADF9-5D4D8C034F25}.Debug|Any CPU.Build.0 = Debug|Any CPU
		{1E5063DD-9623-4927-ADF9-5D4D8C034F25}.Release|Any CPU.ActiveCfg = Release|Any CPU
		{1E5063DD-9623-4927-ADF9-5D4D8C034F25}.Release|Any CPU.Build.0 = Release|Any CPU
		{2F311B5D-6AB4-427F-81F0-55EB4D69AAD5}.Debug|Any CPU.ActiveCfg = Debug|Any CPU
		{2F311B5D-6AB4-427F-81F0-55EB4D69AAD5}.Debug|Any CPU.Build.0 = Debug|Any CPU
		{2F311B5D-6AB4-427F-81F0-55EB4D69AAD5}.Release|Any CPU.ActiveCfg = Release|Any CPU
		{2F311B5D-6AB4-427F-81F0-55EB4D69AAD5}.Release|Any CPU.Build.0 = Release|Any CPU
	EndGlobalSection
	GlobalSection(SolutionProperties) = preSolution
		HideSolutionNode = FALSE
	EndGlobalSection
	GlobalSection(ExtensibilityGlobals) = postSolution
		SolutionGuid = {3A0B7553-7C84-449F-8CD0-2906A3A1F11D}
	EndGlobalSection
EndGlobal
